// !$*UTF8*$!
{
	archiveVersion = 1;
	classes = {
	};
	objectVersion = 48;
	objects = {

/* Begin PBXBuildFile section */
		65EDE7721FFC2674004F08A7 /* CellLabel.swift in Sources */ = {isa = PBXBuildFile; fileRef = 65EDE7711FFC2674004F08A7 /* CellLabel.swift */; };
		65EDE7741FFC2681004F08A7 /* CellField.swift in Sources */ = {isa = PBXBuildFile; fileRef = 65EDE7731FFC2681004F08A7 /* CellField.swift */; };
		65EDE77A1FFC2727004F08A7 /* TableViewCell.swift in Sources */ = {isa = PBXBuildFile; fileRef = 65EDE7791FFC2727004F08A7 /* TableViewCell.swift */; };
		65EDE77C1FFC2745004F08A7 /* Strings.swift in Sources */ = {isa = PBXBuildFile; fileRef = 65EDE77B1FFC2745004F08A7 /* Strings.swift */; };
		65EDE77E1FFC274C004F08A7 /* TableView.swift in Sources */ = {isa = PBXBuildFile; fileRef = 65EDE77D1FFC274C004F08A7 /* TableView.swift */; };
		65EDE7831FFC27A2004F08A7 /* User.swift in Sources */ = {isa = PBXBuildFile; fileRef = 65EDE7821FFC27A2004F08A7 /* User.swift */; };
		9401F4461FFC147F00C05B68 /* CellLabel.xib in Resources */ = {isa = PBXBuildFile; fileRef = 9401F4451FFC147F00C05B68 /* CellLabel.xib */; };
		943C97FF2003F94D00178F88 /* CellButton.xib in Resources */ = {isa = PBXBuildFile; fileRef = 943C97FD2003F7B000178F88 /* CellButton.xib */; };
		943C98002003F95000178F88 /* CellButton.swift in Sources */ = {isa = PBXBuildFile; fileRef = 943C97FE2003F7B000178F88 /* CellButton.swift */; };
		943C98022004054300178F88 /* Types.swift in Sources */ = {isa = PBXBuildFile; fileRef = 943C98012004054300178F88 /* Types.swift */; };
		94B9AEDC1FFBC2A000895F88 /* CellField.xib in Resources */ = {isa = PBXBuildFile; fileRef = 94B9AEDB1FFBC2A000895F88 /* CellField.xib */; };
		94C191F11FFBBED80047D8E7 /* AppDelegate.swift in Sources */ = {isa = PBXBuildFile; fileRef = 94C191F01FFBBED80047D8E7 /* AppDelegate.swift */; };
		94C191F31FFBBED80047D8E7 /* ViewController.swift in Sources */ = {isa = PBXBuildFile; fileRef = 94C191F21FFBBED80047D8E7 /* ViewController.swift */; };
		94C191F61FFBBED80047D8E7 /* Main.storyboard in Resources */ = {isa = PBXBuildFile; fileRef = 94C191F41FFBBED80047D8E7 /* Main.storyboard */; };
		94C191F81FFBBED80047D8E7 /* Assets.xcassets in Resources */ = {isa = PBXBuildFile; fileRef = 94C191F71FFBBED80047D8E7 /* Assets.xcassets */; };
		94C191FB1FFBBED80047D8E7 /* LaunchScreen.storyboard in Resources */ = {isa = PBXBuildFile; fileRef = 94C191F91FFBBED80047D8E7 /* LaunchScreen.storyboard */; };
/* End PBXBuildFile section */

/* Begin PBXFileReference section */
		65EDE7711FFC2674004F08A7 /* CellLabel.swift */ = {isa = PBXFileReference; lastKnownFileType = sourcecode.swift; path = CellLabel.swift; sourceTree = "<group>"; };
		65EDE7731FFC2681004F08A7 /* CellField.swift */ = {isa = PBXFileReference; lastKnownFileType = sourcecode.swift; path = CellField.swift; sourceTree = "<group>"; };
		65EDE7791FFC2727004F08A7 /* TableViewCell.swift */ = {isa = PBXFileReference; lastKnownFileType = sourcecode.swift; path = TableViewCell.swift; sourceTree = "<group>"; };
		65EDE77B1FFC2745004F08A7 /* Strings.swift */ = {isa = PBXFileReference; lastKnownFileType = sourcecode.swift; path = Strings.swift; sourceTree = "<group>"; };
		65EDE77D1FFC274C004F08A7 /* TableView.swift */ = {isa = PBXFileReference; lastKnownFileType = sourcecode.swift; path = TableView.swift; sourceTree = "<group>"; };
		65EDE7821FFC27A2004F08A7 /* User.swift */ = {isa = PBXFileReference; lastKnownFileType = sourcecode.swift; path = User.swift; sourceTree = "<group>"; };
		9401F4451FFC147F00C05B68 /* CellLabel.xib */ = {isa = PBXFileReference; fileEncoding = 4; lastKnownFileType = file.xib; path = CellLabel.xib; sourceTree = "<group>"; };
		943C97FD2003F7B000178F88 /* CellButton.xib */ = {isa = PBXFileReference; lastKnownFileType = file.xib; path = CellButton.xib; sourceTree = "<group>"; };
		943C97FE2003F7B000178F88 /* CellButton.swift */ = {isa = PBXFileReference; lastKnownFileType = sourcecode.swift; path = CellButton.swift; sourceTree = "<group>"; };
		943C98012004054300178F88 /* Types.swift */ = {isa = PBXFileReference; lastKnownFileType = sourcecode.swift; path = Types.swift; sourceTree = "<group>"; };
		94B9AEDB1FFBC2A000895F88 /* CellField.xib */ = {isa = PBXFileReference; lastKnownFileType = file.xib; path = CellField.xib; sourceTree = "<group>"; };
		94C191ED1FFBBED80047D8E7 /* TableManager.app */ = {isa = PBXFileReference; explicitFileType = wrapper.application; includeInIndex = 0; path = TableManager.app; sourceTree = BUILT_PRODUCTS_DIR; };
		94C191F01FFBBED80047D8E7 /* AppDelegate.swift */ = {isa = PBXFileReference; lastKnownFileType = sourcecode.swift; path = AppDelegate.swift; sourceTree = "<group>"; };
		94C191F21FFBBED80047D8E7 /* ViewController.swift */ = {isa = PBXFileReference; lastKnownFileType = sourcecode.swift; path = ViewController.swift; sourceTree = "<group>"; };
		94C191F51FFBBED80047D8E7 /* Base */ = {isa = PBXFileReference; lastKnownFileType = file.storyboard; name = Base; path = Base.lproj/Main.storyboard; sourceTree = "<group>"; };
		94C191F71FFBBED80047D8E7 /* Assets.xcassets */ = {isa = PBXFileReference; lastKnownFileType = folder.assetcatalog; path = Assets.xcassets; sourceTree = "<group>"; };
		94C191FA1FFBBED80047D8E7 /* Base */ = {isa = PBXFileReference; lastKnownFileType = file.storyboard; name = Base; path = Base.lproj/LaunchScreen.storyboard; sourceTree = "<group>"; };
		94C191FC1FFBBED80047D8E7 /* Info.plist */ = {isa = PBXFileReference; lastKnownFileType = text.plist.xml; path = Info.plist; sourceTree = "<group>"; };
/* End PBXFileReference section */

/* Begin PBXFrameworksBuildPhase section */
		94C191EA1FFBBED80047D8E7 /* Frameworks */ = {
			isa = PBXFrameworksBuildPhase;
			buildActionMask = 2147483647;
			files = (
			);
			runOnlyForDeploymentPostprocessing = 0;
		};
/* End PBXFrameworksBuildPhase section */

/* Begin PBXGroup section */
		65EDE76E1FFC263E004F08A7 /* Cells */ = {
			isa = PBXGroup;
			children = (
				943C97FC2003F7A800178F88 /* Button */,
				65EDE7701FFC265C004F08A7 /* Label */,
				65EDE76F1FFC264F004F08A7 /* Field */,
			);
			path = Cells;
			sourceTree = "<group>";
		};
		65EDE76F1FFC264F004F08A7 /* Field */ = {
			isa = PBXGroup;
			children = (
				94B9AEDB1FFBC2A000895F88 /* CellField.xib */,
				65EDE7731FFC2681004F08A7 /* CellField.swift */,
			);
			path = Field;
			sourceTree = "<group>";
		};
		65EDE7701FFC265C004F08A7 /* Label */ = {
			isa = PBXGroup;
			children = (
				9401F4451FFC147F00C05B68 /* CellLabel.xib */,
				65EDE7711FFC2674004F08A7 /* CellLabel.swift */,
			);
			path = Label;
			sourceTree = "<group>";
		};
		65EDE7781FFC271B004F08A7 /* Extensions */ = {
			isa = PBXGroup;
			children = (
				65EDE7791FFC2727004F08A7 /* TableViewCell.swift */,
				65EDE77B1FFC2745004F08A7 /* Strings.swift */,
				65EDE77D1FFC274C004F08A7 /* TableView.swift */,
				943C98012004054300178F88 /* Types.swift */,
			);
			path = Extensions;
			sourceTree = "<group>";
		};
		65EDE77F1FFC2786004F08A7 /* Model */ = {
			isa = PBXGroup;
			children = (
				65EDE7821FFC27A2004F08A7 /* User.swift */,
			);
			path = Model;
			sourceTree = "<group>";
		};
		943C97FC2003F7A800178F88 /* Button */ = {
			isa = PBXGroup;
			children = (
				943C97FD2003F7B000178F88 /* CellButton.xib */,
				943C97FE2003F7B000178F88 /* CellButton.swift */,
			);
			path = Button;
			sourceTree = "<group>";
		};
		94C191E41FFBBED80047D8E7 = {
			isa = PBXGroup;
			children = (
				94C191EF1FFBBED80047D8E7 /* TableManager */,
				94C191EE1FFBBED80047D8E7 /* Products */,
			);
			sourceTree = "<group>";
		};
		94C191EE1FFBBED80047D8E7 /* Products */ = {
			isa = PBXGroup;
			children = (
				94C191ED1FFBBED80047D8E7 /* TableManager.app */,
			);
			name = Products;
			sourceTree = "<group>";
		};
		94C191EF1FFBBED80047D8E7 /* TableManager */ = {
			isa = PBXGroup;
			children = (
				65EDE77F1FFC2786004F08A7 /* Model */,
				65EDE7781FFC271B004F08A7 /* Extensions */,
				65EDE76E1FFC263E004F08A7 /* Cells */,
				94C191F01FFBBED80047D8E7 /* AppDelegate.swift */,
				94C191F21FFBBED80047D8E7 /* ViewController.swift */,
				94C191F41FFBBED80047D8E7 /* Main.storyboard */,
				94C191F71FFBBED80047D8E7 /* Assets.xcassets */,
				94C191F91FFBBED80047D8E7 /* LaunchScreen.storyboard */,
				94C191FC1FFBBED80047D8E7 /* Info.plist */,
			);
			path = TableManager;
			sourceTree = "<group>";
		};
/* End PBXGroup section */

/* Begin PBXNativeTarget section */
		94C191EC1FFBBED80047D8E7 /* TableManager */ = {
			isa = PBXNativeTarget;
			buildConfigurationList = 94C191FF1FFBBED80047D8E7 /* Build configuration list for PBXNativeTarget "TableManager" */;
			buildPhases = (
				94C191E91FFBBED80047D8E7 /* Sources */,
				94C191EA1FFBBED80047D8E7 /* Frameworks */,
				94C191EB1FFBBED80047D8E7 /* Resources */,
			);
			buildRules = (
			);
			dependencies = (
			);
			name = TableManager;
			productName = ProtocolApp;
			productReference = 94C191ED1FFBBED80047D8E7 /* TableManager.app */;
			productType = "com.apple.product-type.application";
		};
/* End PBXNativeTarget section */

/* Begin PBXProject section */
		94C191E51FFBBED80047D8E7 /* Project object */ = {
			isa = PBXProject;
			attributes = {
				LastSwiftUpdateCheck = 0920;
				LastUpgradeCheck = 0920;
				ORGANIZATIONNAME = "Fuoricittà S.r.l.s.";
				TargetAttributes = {
					94C191EC1FFBBED80047D8E7 = {
						CreatedOnToolsVersion = 9.2;
						ProvisioningStyle = Automatic;
					};
				};
			};
			buildConfigurationList = 94C191E81FFBBED80047D8E7 /* Build configuration list for PBXProject "TableManager" */;
			compatibilityVersion = "Xcode 8.0";
			developmentRegion = en;
			hasScannedForEncodings = 0;
			knownRegions = (
				en,
				Base,
			);
			mainGroup = 94C191E41FFBBED80047D8E7;
			productRefGroup = 94C191EE1FFBBED80047D8E7 /* Products */;
			projectDirPath = "";
			projectRoot = "";
			targets = (
				94C191EC1FFBBED80047D8E7 /* TableManager */,
			);
		};
/* End PBXProject section */

/* Begin PBXResourcesBuildPhase section */
		94C191EB1FFBBED80047D8E7 /* Resources */ = {
			isa = PBXResourcesBuildPhase;
			buildActionMask = 2147483647;
			files = (
				94B9AEDC1FFBC2A000895F88 /* CellField.xib in Resources */,
				9401F4461FFC147F00C05B68 /* CellLabel.xib in Resources */,
				94C191FB1FFBBED80047D8E7 /* LaunchScreen.storyboard in Resources */,
				943C97FF2003F94D00178F88 /* CellButton.xib in Resources */,
				94C191F81FFBBED80047D8E7 /* Assets.xcassets in Resources */,
				94C191F61FFBBED80047D8E7 /* Main.storyboard in Resources */,
			);
			runOnlyForDeploymentPostprocessing = 0;
		};
/* End PBXResourcesBuildPhase section */

/* Begin PBXSourcesBuildPhase section */
		94C191E91FFBBED80047D8E7 /* Sources */ = {
			isa = PBXSourcesBuildPhase;
			buildActionMask = 2147483647;
			files = (
				65EDE7721FFC2674004F08A7 /* CellLabel.swift in Sources */,
				94C191F31FFBBED80047D8E7 /* ViewController.swift in Sources */,
				65EDE77A1FFC2727004F08A7 /* TableViewCell.swift in Sources */,
				943C98022004054300178F88 /* Types.swift in Sources */,
				65EDE7741FFC2681004F08A7 /* CellField.swift in Sources */,
				943C98002003F95000178F88 /* CellButton.swift in Sources */,
				65EDE7831FFC27A2004F08A7 /* User.swift in Sources */,
				65EDE77E1FFC274C004F08A7 /* TableView.swift in Sources */,
				94C191F11FFBBED80047D8E7 /* AppDelegate.swift in Sources */,
				65EDE77C1FFC2745004F08A7 /* Strings.swift in Sources */,
			);
			runOnlyForDeploymentPostprocessing = 0;
		};
/* End PBXSourcesBuildPhase section */

/* Begin PBXVariantGroup section */
		94C191F41FFBBED80047D8E7 /* Main.storyboard */ = {
			isa = PBXVariantGroup;
			children = (
				94C191F51FFBBED80047D8E7 /* Base */,
			);
			name = Main.storyboard;
			sourceTree = "<group>";
		};
		94C191F91FFBBED80047D8E7 /* LaunchScreen.storyboard */ = {
			isa = PBXVariantGroup;
			children = (
				94C191FA1FFBBED80047D8E7 /* Base */,
			);
			name = LaunchScreen.storyboard;
			sourceTree = "<group>";
		};
/* End PBXVariantGroup section */

/* Begin XCBuildConfiguration section */
		94C191FD1FFBBED80047D8E7 /* Debug */ = {
			isa = XCBuildConfiguration;
			buildSettings = {
				ALWAYS_SEARCH_USER_PATHS = NO;
				CLANG_ANALYZER_NONNULL = YES;
				CLANG_ANALYZER_NUMBER_OBJECT_CONVERSION = YES_AGGRESSIVE;
				CLANG_CXX_LANGUAGE_STANDARD = "gnu++14";
				CLANG_CXX_LIBRARY = "libc++";
				CLANG_ENABLE_MODULES = YES;
				CLANG_ENABLE_OBJC_ARC = YES;
				CLANG_WARN_BLOCK_CAPTURE_AUTORELEASING = YES;
				CLANG_WARN_BOOL_CONVERSION = YES;
				CLANG_WARN_COMMA = YES;
				CLANG_WARN_CONSTANT_CONVERSION = YES;
				CLANG_WARN_DIRECT_OBJC_ISA_USAGE = YES_ERROR;
				CLANG_WARN_DOCUMENTATION_COMMENTS = YES;
				CLANG_WARN_EMPTY_BODY = YES;
				CLANG_WARN_ENUM_CONVERSION = YES;
				CLANG_WARN_INFINITE_RECURSION = YES;
				CLANG_WARN_INT_CONVERSION = YES;
				CLANG_WARN_NON_LITERAL_NULL_CONVERSION = YES;
				CLANG_WARN_OBJC_LITERAL_CONVERSION = YES;
				CLANG_WARN_OBJC_ROOT_CLASS = YES_ERROR;
				CLANG_WARN_RANGE_LOOP_ANALYSIS = YES;
				CLANG_WARN_STRICT_PROTOTYPES = YES;
				CLANG_WARN_SUSPICIOUS_MOVE = YES;
				CLANG_WARN_UNGUARDED_AVAILABILITY = YES_AGGRESSIVE;
				CLANG_WARN_UNREACHABLE_CODE = YES;
				CLANG_WARN__DUPLICATE_METHOD_MATCH = YES;
				CODE_SIGN_IDENTITY = "iPhone Developer";
				COPY_PHASE_STRIP = NO;
				DEBUG_INFORMATION_FORMAT = dwarf;
				ENABLE_STRICT_OBJC_MSGSEND = YES;
				ENABLE_TESTABILITY = YES;
				GCC_C_LANGUAGE_STANDARD = gnu11;
				GCC_DYNAMIC_NO_PIC = NO;
				GCC_NO_COMMON_BLOCKS = YES;
				GCC_OPTIMIZATION_LEVEL = 0;
				GCC_PREPROCESSOR_DEFINITIONS = (
					"DEBUG=1",
					"$(inherited)",
				);
				GCC_WARN_64_TO_32_BIT_CONVERSION = YES;
				GCC_WARN_ABOUT_RETURN_TYPE = YES_ERROR;
				GCC_WARN_UNDECLARED_SELECTOR = YES;
				GCC_WARN_UNINITIALIZED_AUTOS = YES_AGGRESSIVE;
				GCC_WARN_UNUSED_FUNCTION = YES;
				GCC_WARN_UNUSED_VARIABLE = YES;
				IPHONEOS_DEPLOYMENT_TARGET = 11.2;
				MTL_ENABLE_DEBUG_INFO = YES;
				ONLY_ACTIVE_ARCH = YES;
				SDKROOT = iphoneos;
				SWIFT_ACTIVE_COMPILATION_CONDITIONS = DEBUG;
				SWIFT_OPTIMIZATION_LEVEL = "-Onone";
			};
			name = Debug;
		};
		94C191FE1FFBBED80047D8E7 /* Release */ = {
			isa = XCBuildConfiguration;
			buildSettings = {
				ALWAYS_SEARCH_USER_PATHS = NO;
				CLANG_ANALYZER_NONNULL = YES;
				CLANG_ANALYZER_NUMBER_OBJECT_CONVERSION = YES_AGGRESSIVE;
				CLANG_CXX_LANGUAGE_STANDARD = "gnu++14";
				CLANG_CXX_LIBRARY = "libc++";
				CLANG_ENABLE_MODULES = YES;
				CLANG_ENABLE_OBJC_ARC = YES;
				CLANG_WARN_BLOCK_CAPTURE_AUTORELEASING = YES;
				CLANG_WARN_BOOL_CONVERSION = YES;
				CLANG_WARN_COMMA = YES;
				CLANG_WARN_CONSTANT_CONVERSION = YES;
				CLANG_WARN_DIRECT_OBJC_ISA_USAGE = YES_ERROR;
				CLANG_WARN_DOCUMENTATION_COMMENTS = YES;
				CLANG_WARN_EMPTY_BODY = YES;
				CLANG_WARN_ENUM_CONVERSION = YES;
				CLANG_WARN_INFINITE_RECURSION = YES;
				CLANG_WARN_INT_CONVERSION = YES;
				CLANG_WARN_NON_LITERAL_NULL_CONVERSION = YES;
				CLANG_WARN_OBJC_LITERAL_CONVERSION = YES;
				CLANG_WARN_OBJC_ROOT_CLASS = YES_ERROR;
				CLANG_WARN_RANGE_LOOP_ANALYSIS = YES;
				CLANG_WARN_STRICT_PROTOTYPES = YES;
				CLANG_WARN_SUSPICIOUS_MOVE = YES;
				CLANG_WARN_UNGUARDED_AVAILABILITY = YES_AGGRESSIVE;
				CLANG_WARN_UNREACHABLE_CODE = YES;
				CLANG_WARN__DUPLICATE_METHOD_MATCH = YES;
				CODE_SIGN_IDENTITY = "iPhone Developer";
				COPY_PHASE_STRIP = NO;
				DEBUG_INFORMATION_FORMAT = "dwarf-with-dsym";
				ENABLE_NS_ASSERTIONS = NO;
				ENABLE_STRICT_OBJC_MSGSEND = YES;
				GCC_C_LANGUAGE_STANDARD = gnu11;
				GCC_NO_COMMON_BLOCKS = YES;
				GCC_WARN_64_TO_32_BIT_CONVERSION = YES;
				GCC_WARN_ABOUT_RETURN_TYPE = YES_ERROR;
				GCC_WARN_UNDECLARED_SELECTOR = YES;
				GCC_WARN_UNINITIALIZED_AUTOS = YES_AGGRESSIVE;
				GCC_WARN_UNUSED_FUNCTION = YES;
				GCC_WARN_UNUSED_VARIABLE = YES;
				IPHONEOS_DEPLOYMENT_TARGET = 11.2;
				MTL_ENABLE_DEBUG_INFO = NO;
				SDKROOT = iphoneos;
				SWIFT_OPTIMIZATION_LEVEL = "-Owholemodule";
				VALIDATE_PRODUCT = YES;
			};
			name = Release;
		};
		94C192001FFBBED80047D8E7 /* Debug */ = {
			isa = XCBuildConfiguration;
			buildSettings = {
				ASSETCATALOG_COMPILER_APPICON_NAME = AppIcon;
				CODE_SIGN_STYLE = Automatic;
				INFOPLIST_FILE = TableManager/Info.plist;
				IPHONEOS_DEPLOYMENT_TARGET = 10.0;
				LD_RUNPATH_SEARCH_PATHS = "$(inherited) @executable_path/Frameworks";
				PRODUCT_BUNDLE_IDENTIFIER = it.fuoricitta.tablemanager;
				PRODUCT_NAME = "$(TARGET_NAME)";
				SWIFT_VERSION = 4.0;
				TARGETED_DEVICE_FAMILY = 1;
			};
			name = Debug;
		};
		94C192011FFBBED80047D8E7 /* Release */ = {
			isa = XCBuildConfiguration;
			buildSettings = {
				ASSETCATALOG_COMPILER_APPICON_NAME = AppIcon;
				CODE_SIGN_STYLE = Automatic;
				INFOPLIST_FILE = TableManager/Info.plist;
				IPHONEOS_DEPLOYMENT_TARGET = 10.0;
				LD_RUNPATH_SEARCH_PATHS = "$(inherited) @executable_path/Frameworks";
				PRODUCT_BUNDLE_IDENTIFIER = it.fuoricitta.tablemanager;
				PRODUCT_NAME = "$(TARGET_NAME)";
				SWIFT_VERSION = 4.0;
				TARGETED_DEVICE_FAMILY = 1;
			};
			name = Release;
		};
/* End XCBuildConfiguration section */

/* Begin XCConfigurationList section */
		94C191E81FFBBED80047D8E7 /* Build configuration list for PBXProject "TableManager" */ = {
			isa = XCConfigurationList;
			buildConfigurations = (
				94C191FD1FFBBED80047D8E7 /* Debug */,
				94C191FE1FFBBED80047D8E7 /* Release */,
			);
			defaultConfigurationIsVisible = 0;
			defaultConfigurationName = Release;
		};
		94C191FF1FFBBED80047D8E7 /* Build configuration list for PBXNativeTarget "TableManager" */ = {
			isa = XCConfigurationList;
			buildConfigurations = (
				94C192001FFBBED80047D8E7 /* Debug */,
				94C192011FFBBED80047D8E7 /* Release */,
			);
			defaultConfigurationIsVisible = 0;
			defaultConfigurationName = Release;
		};
/* End XCConfigurationList section */
	};
	rootObject = 94C191E51FFBBED80047D8E7 /* Project object */;
}
